
Microsoft Visual Studio Solution File, Format Version 12.00
# Visual Studio Version 17
VisualStudioVersion = 17.5.33502.453
MinimumVisualStudioVersion = 10.0.40219.1
Project("{2150E333-8FDC-42A3-9474-1A3956D46DE8}") = "src", "src", "{94461F81-5B6E-4096-AF0F-6393D2727E19}"
EndProject
Project("{2150E333-8FDC-42A3-9474-1A3956D46DE8}") = "services", "services", "{5C1E06CD-4528-4E86-A0DF-64757B474904}"
EndProject
Project("{2150E333-8FDC-42A3-9474-1A3956D46DE8}") = "01_Auth", "01_Auth", "{818DC7F2-3EA4-4F60-9DAC-95CE4BEA373C}"
EndProject
Project("{9A19103F-16F7-4668-BE54-9A1E7A4F7556}") = "Auth.API", "src\services\AUTH\Auth.API\Auth.API.csproj", "{8DD22760-916F-4522-B6DE-0AF2DBB4CD03}"
EndProject
Project("{2150E333-8FDC-42A3-9474-1A3956D46DE8}") = "03_Loans", "03_Loans", "{91224E86-C9FD-4D8A-88C7-57C5CB3AAF8A}"
EndProject
Project("{9A19103F-16F7-4668-BE54-9A1E7A4F7556}") = "Loans.API", "src\services\LOANS\Loans.API\Loans.API.csproj", "{25691358-4F9D-412E-90E5-B249B35F7170}"
EndProject
Project("{2150E333-8FDC-42A3-9474-1A3956D46DE8}") = "05_Files", "05_Files", "{AB857070-54D8-4E0F-ADB6-060707C89DA2}"
EndProject
Project("{9A19103F-16F7-4668-BE54-9A1E7A4F7556}") = "Files.API", "src\services\FILES\Files.API\Files.API.csproj", "{477BEE87-6230-4D8D-A326-31B6AA6D66B4}"
EndProject
Project("{2150E333-8FDC-42A3-9474-1A3956D46DE8}") = "09_Notifications", "09_Notifications", "{C38E5D4A-78DA-481F-88FB-0EA2B0BFA4CE}"
EndProject
Project("{9A19103F-16F7-4668-BE54-9A1E7A4F7556}") = "Notifications.API", "src\services\NOTIFICATIONS\Notifications.API\Notifications.API.csproj", "{5F969B28-7399-419D-8C28-58131B5218E3}"
EndProject
Project("{2150E333-8FDC-42A3-9474-1A3956D46DE8}") = "10_Analitycs", "10_Analitycs", "{3EEF4776-ABA4-4E24-B56E-51B1C3FE39D2}"
EndProject
Project("{9A19103F-16F7-4668-BE54-9A1E7A4F7556}") = "Analitycs.API", "src\services\ANALITICS\Analitycs.API\Analitycs.API.csproj", "{34B3059A-4D41-4F5D-B59E-CBA796A6A4BE}"
EndProject
Project("{2150E333-8FDC-42A3-9474-1A3956D46DE8}") = "07_Contracts", "07_Contracts", "{E35D9B38-E8F4-4CAC-B7A4-C6F1E6B836C1}"
EndProject
Project("{9A19103F-16F7-4668-BE54-9A1E7A4F7556}") = "Contracts.API", "src\services\CONTRACTS\Contracts.API\Contracts.API.csproj", "{0A13BAEF-D000-4FF1-AFC0-1BD169435E3E}"
EndProject
Project("{2150E333-8FDC-42A3-9474-1A3956D46DE8}") = "08_Catalogs", "08_Catalogs", "{574E304B-0CCF-4BAE-A4C9-AB9E7D5426C3}"
EndProject
Project("{9A19103F-16F7-4668-BE54-9A1E7A4F7556}") = "Catalogs.API", "src\services\CATALOGS\Catalogs.API\Catalogs.API.csproj", "{EF26B766-445C-4BC3-AE7A-A62F48F1C61B}"
EndProject
Project("{2150E333-8FDC-42A3-9474-1A3956D46DE8}") = "04_BPM", "04_BPM", "{BD154756-C2F6-4E62-B79B-E3F7E18DEE1F}"
EndProject
Project("{9A19103F-16F7-4668-BE54-9A1E7A4F7556}") = "BPM.API", "src\services\BPM\BPM.API\BPM.API.csproj", "{7406F158-80F2-4CD3-A53E-5C373DB19CA1}"
EndProject
Project("{2150E333-8FDC-42A3-9474-1A3956D46DE8}") = "06_Agencies", "06_Agencies", "{5A180B31-D9EF-4839-91C3-8ED597014923}"
EndProject
Project("{9A19103F-16F7-4668-BE54-9A1E7A4F7556}") = "Agencies.API", "src\services\AGENCIES\Agencies.API\Agencies.API.csproj", "{C09417E4-39F5-4BC3-8172-2441879CDFD5}"
EndProject
Project("{2150E333-8FDC-42A3-9474-1A3956D46DE8}") = "02_Users", "02_Users", "{337D5C33-0DFE-4081-B7AC-B4A625273A05}"
EndProject
Project("{9A19103F-16F7-4668-BE54-9A1E7A4F7556}") = "Users.API", "src\services\USERS\Users.API\Users.API.csproj", "{48995FE1-2CA4-4E39-9462-075873A35047}"
EndProject
Project("{2150E333-8FDC-42A3-9474-1A3956D46DE8}") = "11_Logs", "11_Logs", "{C2BD8589-B025-4461-8433-120228A79A8D}"
EndProject
Project("{9A19103F-16F7-4668-BE54-9A1E7A4F7556}") = "Logs.API", "src\services\LOGS\Logs.API\Logs.API.csproj", "{BDB6F9FB-5D9E-43DC-BF46-1BEB1975E170}"
EndProject
Project("{2150E333-8FDC-42A3-9474-1A3956D46DE8}") = "ApiGateways", "ApiGateways", "{DCF1D99B-F84A-451D-A895-1547EFB7C244}"
EndProject
Project("{2150E333-8FDC-42A3-9474-1A3956D46DE8}") = "BuildingBlocks", "BuildingBlocks", "{8DC0E2A1-CDD5-4226-8DA2-4F6E0A433582}"
EndProject
Project("{2150E333-8FDC-42A3-9474-1A3956D46DE8}") = "docs", "docs", "{C9BE4969-BC37-4F96-8A1C-BFF8C588EED0}"
	ProjectSection(SolutionItems) = preProject
		docs\notes.txt = docs\notes.txt
	EndProjectSection
EndProject
Global
	GlobalSection(SolutionConfigurationPlatforms) = preSolution
		Debug|Any CPU = Debug|Any CPU
		Release|Any CPU = Release|Any CPU
	EndGlobalSection
	GlobalSection(ProjectConfigurationPlatforms) = postSolution
		{8DD22760-916F-4522-B6DE-0AF2DBB4CD03}.Debug|Any CPU.ActiveCfg = Debug|Any CPU
		{8DD22760-916F-4522-B6DE-0AF2DBB4CD03}.Debug|Any CPU.Build.0 = Debug|Any CPU
		{8DD22760-916F-4522-B6DE-0AF2DBB4CD03}.Release|Any CPU.ActiveCfg = Release|Any CPU
		{8DD22760-916F-4522-B6DE-0AF2DBB4CD03}.Release|Any CPU.Build.0 = Release|Any CPU
		{25691358-4F9D-412E-90E5-B249B35F7170}.Debug|Any CPU.ActiveCfg = Debug|Any CPU
		{25691358-4F9D-412E-90E5-B249B35F7170}.Debug|Any CPU.Build.0 = Debug|Any CPU
		{25691358-4F9D-412E-90E5-B249B35F7170}.Release|Any CPU.ActiveCfg = Release|Any CPU
		{25691358-4F9D-412E-90E5-B249B35F7170}.Release|Any CPU.Build.0 = Release|Any CPU
		{477BEE87-6230-4D8D-A326-31B6AA6D66B4}.Debug|Any CPU.ActiveCfg = Debug|Any CPU
		{477BEE87-6230-4D8D-A326-31B6AA6D66B4}.Debug|Any CPU.Build.0 = Debug|Any CPU
		{477BEE87-6230-4D8D-A326-31B6AA6D66B4}.Release|Any CPU.ActiveCfg = Release|Any CPU
		{477BEE87-6230-4D8D-A326-31B6AA6D66B4}.Release|Any CPU.Build.0 = Release|Any CPU
		{5F969B28-7399-419D-8C28-58131B5218E3}.Debug|Any CPU.ActiveCfg = Debug|Any CPU
		{5F969B28-7399-419D-8C28-58131B5218E3}.Debug|Any CPU.Build.0 = Debug|Any CPU
		{5F969B28-7399-419D-8C28-58131B5218E3}.Release|Any CPU.ActiveCfg = Release|Any CPU
		{5F969B28-7399-419D-8C28-58131B5218E3}.Release|Any CPU.Build.0 = Release|Any CPU
		{34B3059A-4D41-4F5D-B59E-CBA796A6A4BE}.Debug|Any CPU.ActiveCfg = Debug|Any CPU
		{34B3059A-4D41-4F5D-B59E-CBA796A6A4BE}.Debug|Any CPU.Build.0 = Debug|Any CPU
		{34B3059A-4D41-4F5D-B59E-CBA796A6A4BE}.Release|Any CPU.ActiveCfg = Release|Any CPU
		{34B3059A-4D41-4F5D-B59E-CBA796A6A4BE}.Release|Any CPU.Build.0 = Release|Any CPU
		{0A13BAEF-D000-4FF1-AFC0-1BD169435E3E}.Debug|Any CPU.ActiveCfg = Debug|Any CPU
		{0A13BAEF-D000-4FF1-AFC0-1BD169435E3E}.Debug|Any CPU.Build.0 = Debug|Any CPU
		{0A13BAEF-D000-4FF1-AFC0-1BD169435E3E}.Release|Any CPU.ActiveCfg = Release|Any CPU
		{0A13BAEF-D000-4FF1-AFC0-1BD169435E3E}.Release|Any CPU.Build.0 = Release|Any CPU
		{EF26B766-445C-4BC3-AE7A-A62F48F1C61B}.Debug|Any CPU.ActiveCfg = Debug|Any CPU
		{EF26B766-445C-4BC3-AE7A-A62F48F1C61B}.Debug|Any CPU.Build.0 = Debug|Any CPU
		{EF26B766-445C-4BC3-AE7A-A62F48F1C61B}.Release|Any CPU.ActiveCfg = Release|Any CPU
		{EF26B766-445C-4BC3-AE7A-A62F48F1C61B}.Release|Any CPU.Build.0 = Release|Any CPU
		{7406F158-80F2-4CD3-A53E-5C373DB19CA1}.Debug|Any CPU.ActiveCfg = Debug|Any CPU
		{7406F158-80F2-4CD3-A53E-5C373DB19CA1}.Debug|Any CPU.Build.0 = Debug|Any CPU
		{7406F158-80F2-4CD3-A53E-5C373DB19CA1}.Release|Any CPU.ActiveCfg = Release|Any CPU
		{7406F158-80F2-4CD3-A53E-5C373DB19CA1}.Release|Any CPU.Build.0 = Release|Any CPU
		{C09417E4-39F5-4BC3-8172-2441879CDFD5}.Debug|Any CPU.ActiveCfg = Debug|Any CPU
		{C09417E4-39F5-4BC3-8172-2441879CDFD5}.Debug|Any CPU.Build.0 = Debug|Any CPU
		{C09417E4-39F5-4BC3-8172-2441879CDFD5}.Release|Any CPU.ActiveCfg = Release|Any CPU
		{C09417E4-39F5-4BC3-8172-2441879CDFD5}.Release|Any CPU.Build.0 = Release|Any CPU
		{48995FE1-2CA4-4E39-9462-075873A35047}.Debug|Any CPU.ActiveCfg = Debug|Any CPU
		{48995FE1-2CA4-4E39-9462-075873A35047}.Debug|Any CPU.Build.0 = Debug|Any CPU
		{48995FE1-2CA4-4E39-9462-075873A35047}.Release|Any CPU.ActiveCfg = Release|Any CPU
		{48995FE1-2CA4-4E39-9462-075873A35047}.Release|Any CPU.Build.0 = Release|Any CPU
		{BDB6F9FB-5D9E-43DC-BF46-1BEB1975E170}.Debug|Any CPU.ActiveCfg = Debug|Any CPU
		{BDB6F9FB-5D9E-43DC-BF46-1BEB1975E170}.Debug|Any CPU.Build.0 = Debug|Any CPU
		{BDB6F9FB-5D9E-43DC-BF46-1BEB1975E170}.Release|Any CPU.ActiveCfg = Release|Any CPU
		{BDB6F9FB-5D9E-43DC-BF46-1BEB1975E170}.Release|Any CPU.Build.0 = Release|Any CPU
	EndGlobalSection
	GlobalSection(SolutionProperties) = preSolution
		HideSolutionNode = FALSE
	EndGlobalSection
	GlobalSection(NestedProjects) = preSolution
		{5C1E06CD-4528-4E86-A0DF-64757B474904} = {94461F81-5B6E-4096-AF0F-6393D2727E19}
		{818DC7F2-3EA4-4F60-9DAC-95CE4BEA373C} = {5C1E06CD-4528-4E86-A0DF-64757B474904}
		{8DD22760-916F-4522-B6DE-0AF2DBB4CD03} = {818DC7F2-3EA4-4F60-9DAC-95CE4BEA373C}
		{91224E86-C9FD-4D8A-88C7-57C5CB3AAF8A} = {5C1E06CD-4528-4E86-A0DF-64757B474904}
		{25691358-4F9D-412E-90E5-B249B35F7170} = {91224E86-C9FD-4D8A-88C7-57C5CB3AAF8A}
		{AB857070-54D8-4E0F-ADB6-060707C89DA2} = {5C1E06CD-4528-4E86-A0DF-64757B474904}
		{477BEE87-6230-4D8D-A326-31B6AA6D66B4} = {AB857070-54D8-4E0F-ADB6-060707C89DA2}
		{C38E5D4A-78DA-481F-88FB-0EA2B0BFA4CE} = {5C1E06CD-4528-4E86-A0DF-64757B474904}
		{5F969B28-7399-419D-8C28-58131B5218E3} = {C38E5D4A-78DA-481F-88FB-0EA2B0BFA4CE}
		{3EEF4776-ABA4-4E24-B56E-51B1C3FE39D2} = {5C1E06CD-4528-4E86-A0DF-64757B474904}
		{34B3059A-4D41-4F5D-B59E-CBA796A6A4BE} = {3EEF4776-ABA4-4E24-B56E-51B1C3FE39D2}
		{E35D9B38-E8F4-4CAC-B7A4-C6F1E6B836C1} = {5C1E06CD-4528-4E86-A0DF-64757B474904}
		{0A13BAEF-D000-4FF1-AFC0-1BD169435E3E} = {E35D9B38-E8F4-4CAC-B7A4-C6F1E6B836C1}
		{574E304B-0CCF-4BAE-A4C9-AB9E7D5426C3} = {5C1E06CD-4528-4E86-A0DF-64757B474904}
		{EF26B766-445C-4BC3-AE7A-A62F48F1C61B} = {574E304B-0CCF-4BAE-A4C9-AB9E7D5426C3}
		{BD154756-C2F6-4E62-B79B-E3F7E18DEE1F} = {5C1E06CD-4528-4E86-A0DF-64757B474904}
		{7406F158-80F2-4CD3-A53E-5C373DB19CA1} = {BD154756-C2F6-4E62-B79B-E3F7E18DEE1F}
		{5A180B31-D9EF-4839-91C3-8ED597014923} = {5C1E06CD-4528-4E86-A0DF-64757B474904}
		{C09417E4-39F5-4BC3-8172-2441879CDFD5} = {5A180B31-D9EF-4839-91C3-8ED597014923}
		{337D5C33-0DFE-4081-B7AC-B4A625273A05} = {5C1E06CD-4528-4E86-A0DF-64757B474904}
		{48995FE1-2CA4-4E39-9462-075873A35047} = {337D5C33-0DFE-4081-B7AC-B4A625273A05}
		{C2BD8589-B025-4461-8433-120228A79A8D} = {5C1E06CD-4528-4E86-A0DF-64757B474904}
		{BDB6F9FB-5D9E-43DC-BF46-1BEB1975E170} = {C2BD8589-B025-4461-8433-120228A79A8D}
		{DCF1D99B-F84A-451D-A895-1547EFB7C244} = {94461F81-5B6E-4096-AF0F-6393D2727E19}
		{8DC0E2A1-CDD5-4226-8DA2-4F6E0A433582} = {94461F81-5B6E-4096-AF0F-6393D2727E19}
	EndGlobalSection
	GlobalSection(ExtensibilityGlobals) = postSolution
		SolutionGuid = {96966C8A-8F9C-4764-9341-A527F37217C7}
	EndGlobalSection
EndGlobal
